
Microsoft Visual Studio Solution File, Format Version 12.00
# Visual Studio Version 17
VisualStudioVersion = 17.8.34601.278
MinimumVisualStudioVersion = 10.0.40219.1
Project("{FAE04EC0-301F-11D3-BF4B-00C04F79EFBC}") = "Prototype", "Prototype\Prototype.csproj", "{1F41B7F4-7925-4D5F-B641-9CA34E127FB1}"
EndProject
Global
	GlobalSection(SolutionConfigurationPlatforms) = preSolution
		Debug|Any CPU = Debug|Any CPU
		Release|Any CPU = Release|Any CPU
	EndGlobalSection
	GlobalSection(ProjectConfigurationPlatforms) = postSolution
		{1F41B7F4-7925-4D5F-B641-9CA34E127FB1}.Debug|Any CPU.ActiveCfg = Debug|Any CPU
		{1F41B7F4-7925-4D5F-B641-9CA34E127FB1}.Debug|Any CPU.Build.0 = Debug|Any CPU
		{1F41B7F4-7925-4D5F-B641-9CA34E127FB1}.Release|Any CPU.ActiveCfg = Release|Any CPU
		{1F41B7F4-7925-4D5F-B641-9CA34E127FB1}.Release|Any CPU.Build.0 = Release|Any CPU
	EndGlobalSection
	GlobalSection(SolutionProperties) = preSolution
		HideSolutionNode = FALSE
	EndGlobalSection
	GlobalSection(ExtensibilityGlobals) = postSolution
		SolutionGuid = {C55BF1A7-9134-4465-A648-5590B1CED31C}
	EndGlobalSection
EndGlobal
